# GENERATED FILE - DO NOT EDIT DIRECTLY
schema_version: 1

bundle:
  version: "0.9.4-dev"
  release_sequence: 0
  channel: "development"
  source_tree_digest: "sha256:ba597010d9403127df8c67102186ef40c546a08101d1a93201d17f8108deb520"
  digest: "sha256:12020fd6433653d350bca1bc3ee3f8b6a59c0bcbdef96ed2ed8d24480cff212b"

projection:
  input_digest: "sha256:fd3b9fb3c534593234462821943f684cb9d054042cc569b49b994735343108a8"
  output_digest: "sha256:ba7414a6a00e36ca884d81b070f19baea45855bb5b40fa42d173764712738d23"
  files:
    - path: ".gds/compiled-policy.json"
      digest: "sha256:4bf5b282d62a36f632d0ff3c20c9c8e3454a6fac87f387646f4e70e1310463a0"
