# GENERATED FILE - DO NOT EDIT DIRECTLY
schema_version: 1

bundle:
  version: "0.9.4-dev"
  release_sequence: 0
  channel: "development"
  source_tree_digest: "sha256:b1c334df899c661304dc45ef29898df24ff4a6ddffd2a6ca4d6f1f795d585189"
  digest: "sha256:469ac74bf934333ee1fde843ad04a26e002e5b5ec9c782fbe68ec6fe313bfac0"

projection:
  input_digest: "sha256:91c42f60b686259599cbbb0404071c04803f2f0c4ba24ca489f8b574a89f7100"
  output_digest: "sha256:ba7414a6a00e36ca884d81b070f19baea45855bb5b40fa42d173764712738d23"
  files:
    - path: ".gds/compiled-policy.json"
      digest: "sha256:4bf5b282d62a36f632d0ff3c20c9c8e3454a6fac87f387646f4e70e1310463a0"
